
Microsoft Visual Studio Solution File, Format Version 12.00
# Visual Studio Version 17
VisualStudioVersion = 17.0.32112.339
MinimumVisualStudioVersion = 10.0.40219.1
Project("{2150E333-8FDC-42A3-9474-1A3956D46DE8}") = "Services", "Services", "{820EAB43-6CD5-4C17-A29C-FEEA59E476D7}"
EndProject
Project("{2150E333-8FDC-42A3-9474-1A3956D46DE8}") = "Catalog", "Catalog", "{DEF58098-0FE5-43B2-8DC5-587D465CC0B8}"
EndProject
Project("{9A19103F-16F7-4668-BE54-9A1E7A4F7556}") = "Services.Catalog", "Services\Catalog\Services.Catalog\Services.Catalog.csproj", "{2CC63DB4-2338-418E-909A-F67EF3C11D89}"
EndProject
Project("{2150E333-8FDC-42A3-9474-1A3956D46DE8}") = "Solution Items", "Solution Items", "{D59011B4-FCDD-484F-A512-FB9C5CD46063}"
	ProjectSection(SolutionItems) = preProject
		Ports.txt = Ports.txt
	EndProjectSection
EndProject
Project("{2150E333-8FDC-42A3-9474-1A3956D46DE8}") = "Shared", "Shared", "{63F0050C-0727-4D5D-A215-1A2904DA7883}"
EndProject
Project("{9A19103F-16F7-4668-BE54-9A1E7A4F7556}") = "SharedLibrary", "Shared\Shared\SharedLibrary.csproj", "{4B8132E5-EAC8-42E2-AED9-9511771476DD}"
EndProject
Project("{2150E333-8FDC-42A3-9474-1A3956D46DE8}") = "IdentityServer", "IdentityServer", "{0F3D4A85-BB29-4C7A-9D6B-F8CC64C5848B}"
EndProject
Project("{9A19103F-16F7-4668-BE54-9A1E7A4F7556}") = "IdentityServer", "IdentityServer\IdentityServer\IdentityServer.csproj", "{1089B2BC-1F10-4C41-83C2-C7AC77D85E73}"
EndProject
Project("{2150E333-8FDC-42A3-9474-1A3956D46DE8}") = "PhotoStock", "PhotoStock", "{C51C77C4-0067-4554-94A5-8916F81EFC3F}"
EndProject
Project("{9A19103F-16F7-4668-BE54-9A1E7A4F7556}") = "Services.PhotoStock", "Services\PhotoStock\Services.PhotoStock\Services.PhotoStock.csproj", "{47E2D779-5EE3-4BA0-9807-5C3F4BB77F29}"
EndProject
Project("{2150E333-8FDC-42A3-9474-1A3956D46DE8}") = "Basket", "Basket", "{2BA564A2-DE83-4125-B2DC-DF5745488AB3}"
EndProject
Project("{9A19103F-16F7-4668-BE54-9A1E7A4F7556}") = "Services.Basket", "Services\Basket\Services.Basket\Services.Basket.csproj", "{84E3C952-6806-44FB-82C3-5B7209AE8048}"
EndProject
Project("{2150E333-8FDC-42A3-9474-1A3956D46DE8}") = "Discount", "Discount", "{2139C92D-F5FB-43CF-A1BE-9AA3958ACDD3}"
EndProject
Project("{9A19103F-16F7-4668-BE54-9A1E7A4F7556}") = "Services.Discount", "Services\Discount\Services.Discount\Services.Discount.csproj", "{178D181B-6DF4-4B00-8875-7A82AF3B95FB}"
EndProject
Project("{2150E333-8FDC-42A3-9474-1A3956D46DE8}") = "Order", "Order", "{487E7896-3913-4C3E-A58A-FB3D18F86228}"
EndProject
Project("{9A19103F-16F7-4668-BE54-9A1E7A4F7556}") = "Services.Order.API", "Services\Order\Services.Order.API\Services.Order.API.csproj", "{A90E476B-EE81-4A0C-9EA3-1E342EAAEC45}"
EndProject
Project("{9A19103F-16F7-4668-BE54-9A1E7A4F7556}") = "Services.Order.Application", "Services\Order\Services.Order.Application\Services.Order.Application.csproj", "{0428DAEB-9FEA-4FE7-A1B4-93D0AB7E55FD}"
EndProject
Project("{9A19103F-16F7-4668-BE54-9A1E7A4F7556}") = "Services.Order.Domain", "Services\Order\Services.Order.Domain\Services.Order.Domain.csproj", "{AD727A5D-BD6F-449F-AAAB-05001D732437}"
EndProject
Project("{9A19103F-16F7-4668-BE54-9A1E7A4F7556}") = "Services.Order.Domain.Core", "Services\Order\Services.Order.Domain.Core\Services.Order.Domain.Core.csproj", "{4242ADE1-0977-4789-9E2B-640150B7DCBC}"
EndProject
Project("{9A19103F-16F7-4668-BE54-9A1E7A4F7556}") = "Services.Order.Infrastructure", "Services\Order\Services.Order.Infrastructure\Services.Order.Infrastructure.csproj", "{F436679A-C252-4F96-8A24-24B35F163968}"
EndProject
Project("{2150E333-8FDC-42A3-9474-1A3956D46DE8}") = "Payment", "Payment", "{9D82B95F-CD37-4527-81E4-5D30E101E1E8}"
EndProject
Project("{9A19103F-16F7-4668-BE54-9A1E7A4F7556}") = "Services.Payment", "Services\Payment\Services.Payment\Services.Payment.csproj", "{0152681F-9B58-4E07-9E4B-42DDE17EAEA0}"
EndProject
Project("{2150E333-8FDC-42A3-9474-1A3956D46DE8}") = "Gateway", "Gateway", "{BD892B23-2D23-440F-9069-0B528202FDA9}"
EndProject
Project("{FAE04EC0-301F-11D3-BF4B-00C04F79EFBC}") = "Gateway", "Gateway\Gateway\Gateway.csproj", "{2D5E3A59-7788-479B-AEC8-C5211E5342D3}"
EndProject
Global
	GlobalSection(SolutionConfigurationPlatforms) = preSolution
		Debug|Any CPU = Debug|Any CPU
		Release|Any CPU = Release|Any CPU
	EndGlobalSection
	GlobalSection(ProjectConfigurationPlatforms) = postSolution
		{2CC63DB4-2338-418E-909A-F67EF3C11D89}.Debug|Any CPU.ActiveCfg = Debug|Any CPU
		{2CC63DB4-2338-418E-909A-F67EF3C11D89}.Debug|Any CPU.Build.0 = Debug|Any CPU
		{2CC63DB4-2338-418E-909A-F67EF3C11D89}.Release|Any CPU.ActiveCfg = Release|Any CPU
		{2CC63DB4-2338-418E-909A-F67EF3C11D89}.Release|Any CPU.Build.0 = Release|Any CPU
		{4B8132E5-EAC8-42E2-AED9-9511771476DD}.Debug|Any CPU.ActiveCfg = Debug|Any CPU
		{4B8132E5-EAC8-42E2-AED9-9511771476DD}.Debug|Any CPU.Build.0 = Debug|Any CPU
		{4B8132E5-EAC8-42E2-AED9-9511771476DD}.Release|Any CPU.ActiveCfg = Release|Any CPU
		{4B8132E5-EAC8-42E2-AED9-9511771476DD}.Release|Any CPU.Build.0 = Release|Any CPU
		{1089B2BC-1F10-4C41-83C2-C7AC77D85E73}.Debug|Any CPU.ActiveCfg = Debug|Any CPU
		{1089B2BC-1F10-4C41-83C2-C7AC77D85E73}.Debug|Any CPU.Build.0 = Debug|Any CPU
		{1089B2BC-1F10-4C41-83C2-C7AC77D85E73}.Release|Any CPU.ActiveCfg = Release|Any CPU
		{1089B2BC-1F10-4C41-83C2-C7AC77D85E73}.Release|Any CPU.Build.0 = Release|Any CPU
		{47E2D779-5EE3-4BA0-9807-5C3F4BB77F29}.Debug|Any CPU.ActiveCfg = Debug|Any CPU
		{47E2D779-5EE3-4BA0-9807-5C3F4BB77F29}.Debug|Any CPU.Build.0 = Debug|Any CPU
		{47E2D779-5EE3-4BA0-9807-5C3F4BB77F29}.Release|Any CPU.ActiveCfg = Release|Any CPU
		{47E2D779-5EE3-4BA0-9807-5C3F4BB77F29}.Release|Any CPU.Build.0 = Release|Any CPU
		{84E3C952-6806-44FB-82C3-5B7209AE8048}.Debug|Any CPU.ActiveCfg = Debug|Any CPU
		{84E3C952-6806-44FB-82C3-5B7209AE8048}.Debug|Any CPU.Build.0 = Debug|Any CPU
		{84E3C952-6806-44FB-82C3-5B7209AE8048}.Release|Any CPU.ActiveCfg = Release|Any CPU
		{84E3C952-6806-44FB-82C3-5B7209AE8048}.Release|Any CPU.Build.0 = Release|Any CPU
		{178D181B-6DF4-4B00-8875-7A82AF3B95FB}.Debug|Any CPU.ActiveCfg = Debug|Any CPU
		{178D181B-6DF4-4B00-8875-7A82AF3B95FB}.Debug|Any CPU.Build.0 = Debug|Any CPU
		{178D181B-6DF4-4B00-8875-7A82AF3B95FB}.Release|Any CPU.ActiveCfg = Release|Any CPU
		{178D181B-6DF4-4B00-8875-7A82AF3B95FB}.Release|Any CPU.Build.0 = Release|Any CPU
		{A90E476B-EE81-4A0C-9EA3-1E342EAAEC45}.Debug|Any CPU.ActiveCfg = Debug|Any CPU
		{A90E476B-EE81-4A0C-9EA3-1E342EAAEC45}.Debug|Any CPU.Build.0 = Debug|Any CPU
		{A90E476B-EE81-4A0C-9EA3-1E342EAAEC45}.Release|Any CPU.ActiveCfg = Release|Any CPU
		{A90E476B-EE81-4A0C-9EA3-1E342EAAEC45}.Release|Any CPU.Build.0 = Release|Any CPU
		{0428DAEB-9FEA-4FE7-A1B4-93D0AB7E55FD}.Debug|Any CPU.ActiveCfg = Debug|Any CPU
		{0428DAEB-9FEA-4FE7-A1B4-93D0AB7E55FD}.Debug|Any CPU.Build.0 = Debug|Any CPU
		{0428DAEB-9FEA-4FE7-A1B4-93D0AB7E55FD}.Release|Any CPU.ActiveCfg = Release|Any CPU
		{0428DAEB-9FEA-4FE7-A1B4-93D0AB7E55FD}.Release|Any CPU.Build.0 = Release|Any CPU
		{AD727A5D-BD6F-449F-AAAB-05001D732437}.Debug|Any CPU.ActiveCfg = Debug|Any CPU
		{AD727A5D-BD6F-449F-AAAB-05001D732437}.Debug|Any CPU.Build.0 = Debug|Any CPU
		{AD727A5D-BD6F-449F-AAAB-05001D732437}.Release|Any CPU.ActiveCfg = Release|Any CPU
		{AD727A5D-BD6F-449F-AAAB-05001D732437}.Release|Any CPU.Build.0 = Release|Any CPU
		{4242ADE1-0977-4789-9E2B-640150B7DCBC}.Debug|Any CPU.ActiveCfg = Debug|Any CPU
		{4242ADE1-0977-4789-9E2B-640150B7DCBC}.Debug|Any CPU.Build.0 = Debug|Any CPU
		{4242ADE1-0977-4789-9E2B-640150B7DCBC}.Release|Any CPU.ActiveCfg = Release|Any CPU
		{4242ADE1-0977-4789-9E2B-640150B7DCBC}.Release|Any CPU.Build.0 = Release|Any CPU
		{F436679A-C252-4F96-8A24-24B35F163968}.Debug|Any CPU.ActiveCfg = Debug|Any CPU
		{F436679A-C252-4F96-8A24-24B35F163968}.Debug|Any CPU.Build.0 = Debug|Any CPU
		{F436679A-C252-4F96-8A24-24B35F163968}.Release|Any CPU.ActiveCfg = Release|Any CPU
		{F436679A-C252-4F96-8A24-24B35F163968}.Release|Any CPU.Build.0 = Release|Any CPU
		{0152681F-9B58-4E07-9E4B-42DDE17EAEA0}.Debug|Any CPU.ActiveCfg = Debug|Any CPU
		{0152681F-9B58-4E07-9E4B-42DDE17EAEA0}.Debug|Any CPU.Build.0 = Debug|Any CPU
		{0152681F-9B58-4E07-9E4B-42DDE17EAEA0}.Release|Any CPU.ActiveCfg = Release|Any CPU
		{0152681F-9B58-4E07-9E4B-42DDE17EAEA0}.Release|Any CPU.Build.0 = Release|Any CPU
		{2D5E3A59-7788-479B-AEC8-C5211E5342D3}.Debug|Any CPU.ActiveCfg = Debug|Any CPU
		{2D5E3A59-7788-479B-AEC8-C5211E5342D3}.Debug|Any CPU.Build.0 = Debug|Any CPU
		{2D5E3A59-7788-479B-AEC8-C5211E5342D3}.Release|Any CPU.ActiveCfg = Release|Any CPU
		{2D5E3A59-7788-479B-AEC8-C5211E5342D3}.Release|Any CPU.Build.0 = Release|Any CPU
	EndGlobalSection
	GlobalSection(SolutionProperties) = preSolution
		HideSolutionNode = FALSE
	EndGlobalSection
	GlobalSection(NestedProjects) = preSolution
		{DEF58098-0FE5-43B2-8DC5-587D465CC0B8} = {820EAB43-6CD5-4C17-A29C-FEEA59E476D7}
		{2CC63DB4-2338-418E-909A-F67EF3C11D89} = {DEF58098-0FE5-43B2-8DC5-587D465CC0B8}
		{4B8132E5-EAC8-42E2-AED9-9511771476DD} = {63F0050C-0727-4D5D-A215-1A2904DA7883}
		{1089B2BC-1F10-4C41-83C2-C7AC77D85E73} = {0F3D4A85-BB29-4C7A-9D6B-F8CC64C5848B}
		{C51C77C4-0067-4554-94A5-8916F81EFC3F} = {820EAB43-6CD5-4C17-A29C-FEEA59E476D7}
		{47E2D779-5EE3-4BA0-9807-5C3F4BB77F29} = {C51C77C4-0067-4554-94A5-8916F81EFC3F}
		{2BA564A2-DE83-4125-B2DC-DF5745488AB3} = {820EAB43-6CD5-4C17-A29C-FEEA59E476D7}
		{84E3C952-6806-44FB-82C3-5B7209AE8048} = {2BA564A2-DE83-4125-B2DC-DF5745488AB3}
		{2139C92D-F5FB-43CF-A1BE-9AA3958ACDD3} = {820EAB43-6CD5-4C17-A29C-FEEA59E476D7}
		{178D181B-6DF4-4B00-8875-7A82AF3B95FB} = {2139C92D-F5FB-43CF-A1BE-9AA3958ACDD3}
		{487E7896-3913-4C3E-A58A-FB3D18F86228} = {820EAB43-6CD5-4C17-A29C-FEEA59E476D7}
		{A90E476B-EE81-4A0C-9EA3-1E342EAAEC45} = {487E7896-3913-4C3E-A58A-FB3D18F86228}
		{0428DAEB-9FEA-4FE7-A1B4-93D0AB7E55FD} = {487E7896-3913-4C3E-A58A-FB3D18F86228}
		{AD727A5D-BD6F-449F-AAAB-05001D732437} = {487E7896-3913-4C3E-A58A-FB3D18F86228}
		{4242ADE1-0977-4789-9E2B-640150B7DCBC} = {487E7896-3913-4C3E-A58A-FB3D18F86228}
		{F436679A-C252-4F96-8A24-24B35F163968} = {487E7896-3913-4C3E-A58A-FB3D18F86228}
		{9D82B95F-CD37-4527-81E4-5D30E101E1E8} = {820EAB43-6CD5-4C17-A29C-FEEA59E476D7}
		{0152681F-9B58-4E07-9E4B-42DDE17EAEA0} = {9D82B95F-CD37-4527-81E4-5D30E101E1E8}
		{2D5E3A59-7788-479B-AEC8-C5211E5342D3} = {BD892B23-2D23-440F-9069-0B528202FDA9}
	EndGlobalSection
	GlobalSection(ExtensibilityGlobals) = postSolution
		SolutionGuid = {A3305942-C36C-45D6-9BBB-A95DB89F6B7F}
	EndGlobalSection
EndGlobal
